
Microsoft Visual Studio Solution File, Format Version 12.00
# Visual Studio Version 17
VisualStudioVersion = 17.7.34221.43
MinimumVisualStudioVersion = 10.0.40219.1
Project("{9A19103F-16F7-4668-BE54-9A1E7A4F7556}") = "AbstractFactory", "BankAccount\AbstractFactory.csproj", "{8C5AE506-E134-4849-A0A7-D3B64BC2588E}"
EndProject
Global
	GlobalSection(SolutionConfigurationPlatforms) = preSolution
		Debug|Any CPU = Debug|Any CPU
		Release|Any CPU = Release|Any CPU
	EndGlobalSection
	GlobalSection(ProjectConfigurationPlatforms) = postSolution
		{8C5AE506-E134-4849-A0A7-D3B64BC2588E}.Debug|Any CPU.ActiveCfg = Debug|Any CPU
		{8C5AE506-E134-4849-A0A7-D3B64BC2588E}.Debug|Any CPU.Build.0 = Debug|Any CPU
		{8C5AE506-E134-4849-A0A7-D3B64BC2588E}.Release|Any CPU.ActiveCfg = Release|Any CPU
		{8C5AE506-E134-4849-A0A7-D3B64BC2588E}.Release|Any CPU.Build.0 = Release|Any CPU
	EndGlobalSection
	GlobalSection(SolutionProperties) = preSolution
		HideSolutionNode = FALSE
	EndGlobalSection
	GlobalSection(ExtensibilityGlobals) = postSolution
		SolutionGuid = {8D115DF6-A180-4CE1-A36D-0FDD7CFB9668}
	EndGlobalSection
EndGlobal
